com.artifex.mupdfdemo_55.apk
com.csipsimple_2459.apk
com.fsck.k9_22002.apk
com.morlunk.mumbleclient_72.apk
com.projectsexception.myapplist.open_16.apk
com.xabber.androiddev_123.apk
de.schildbach.wallet_209.apk
fr.kwiatkowski.ApkTrack_1.apk
indrora.atomic_19.apk
net.osmand.plus_197.apk
org.coolreader_875.apk
org.ethack.orwall_35.apk
org.mariotaku.twidere_98.apk
org.mozilla.fennec_fdroid_360010.apk
fennec-35.0.multi.android-arm.apk
org.nick.cryptfs.passwdmanager_1230.apk
org.sufficientlysecure.keychain_31200.apk
org.sufficientlysecure.localcalendar_6.apk
org.torproject.android_133.apk
org.videolan.vlc_10104.apk
